
Microsoft Visual Studio Solution File, Format Version 12.00
# Visual Studio Version 16
VisualStudioVersion = 16.0.30804.86
MinimumVisualStudioVersion = 10.0.40219.1
Project("{9A19103F-16F7-4668-BE54-9A1E7A4F7556}") = "Core", "Core\Core.csproj", "{068A8971-804E-40C8-A68A-386B37CD1A65}"
EndProject
Project("{9A19103F-16F7-4668-BE54-9A1E7A4F7556}") = "API", "Application\API.csproj", "{E8281C84-02B0-4625-A7DC-331338B07DEB}"
EndProject
Project("{9A19103F-16F7-4668-BE54-9A1E7A4F7556}") = "Authentication", "Authentication\Authentication.csproj", "{3B0AA972-3073-4B46-8592-E5077FACC66D}"
EndProject
Project("{9A19103F-16F7-4668-BE54-9A1E7A4F7556}") = "Customers", "Customers\Customers.csproj", "{5C32C44D-6FAE-4D1D-B760-C28165D7E30B}"
EndProject
Project("{9A19103F-16F7-4668-BE54-9A1E7A4F7556}") = "Products", "Products\Products.csproj", "{E92A2896-E07D-40CE-8780-5A075F16EBA5}"
EndProject
Global
	GlobalSection(SolutionConfigurationPlatforms) = preSolution
		Debug|Any CPU = Debug|Any CPU
		Release|Any CPU = Release|Any CPU
	EndGlobalSection
	GlobalSection(ProjectConfigurationPlatforms) = postSolution
		{068A8971-804E-40C8-A68A-386B37CD1A65}.Debug|Any CPU.ActiveCfg = Debug|Any CPU
		{068A8971-804E-40C8-A68A-386B37CD1A65}.Debug|Any CPU.Build.0 = Debug|Any CPU
		{068A8971-804E-40C8-A68A-386B37CD1A65}.Release|Any CPU.ActiveCfg = Release|Any CPU
		{068A8971-804E-40C8-A68A-386B37CD1A65}.Release|Any CPU.Build.0 = Release|Any CPU
		{E8281C84-02B0-4625-A7DC-331338B07DEB}.Debug|Any CPU.ActiveCfg = Debug|Any CPU
		{E8281C84-02B0-4625-A7DC-331338B07DEB}.Debug|Any CPU.Build.0 = Debug|Any CPU
		{E8281C84-02B0-4625-A7DC-331338B07DEB}.Release|Any CPU.ActiveCfg = Release|Any CPU
		{E8281C84-02B0-4625-A7DC-331338B07DEB}.Release|Any CPU.Build.0 = Release|Any CPU
		{3B0AA972-3073-4B46-8592-E5077FACC66D}.Debug|Any CPU.ActiveCfg = Debug|Any CPU
		{3B0AA972-3073-4B46-8592-E5077FACC66D}.Debug|Any CPU.Build.0 = Debug|Any CPU
		{3B0AA972-3073-4B46-8592-E5077FACC66D}.Release|Any CPU.ActiveCfg = Release|Any CPU
		{3B0AA972-3073-4B46-8592-E5077FACC66D}.Release|Any CPU.Build.0 = Release|Any CPU
		{5C32C44D-6FAE-4D1D-B760-C28165D7E30B}.Debug|Any CPU.ActiveCfg = Debug|Any CPU
		{5C32C44D-6FAE-4D1D-B760-C28165D7E30B}.Debug|Any CPU.Build.0 = Debug|Any CPU
		{5C32C44D-6FAE-4D1D-B760-C28165D7E30B}.Release|Any CPU.ActiveCfg = Release|Any CPU
		{5C32C44D-6FAE-4D1D-B760-C28165D7E30B}.Release|Any CPU.Build.0 = Release|Any CPU
		{E92A2896-E07D-40CE-8780-5A075F16EBA5}.Debug|Any CPU.ActiveCfg = Debug|Any CPU
		{E92A2896-E07D-40CE-8780-5A075F16EBA5}.Debug|Any CPU.Build.0 = Debug|Any CPU
		{E92A2896-E07D-40CE-8780-5A075F16EBA5}.Release|Any CPU.ActiveCfg = Release|Any CPU
		{E92A2896-E07D-40CE-8780-5A075F16EBA5}.Release|Any CPU.Build.0 = Release|Any CPU
	EndGlobalSection
	GlobalSection(SolutionProperties) = preSolution
		HideSolutionNode = FALSE
	EndGlobalSection
	GlobalSection(ExtensibilityGlobals) = postSolution
		SolutionGuid = {62F0F271-BF18-42F6-A228-5CAF138B3B29}
	EndGlobalSection
EndGlobal
